{
  "nodes": {
    "nixpkgs": {
      "locked": {
        "lastModified": 1749988255,
        "narHash": "sha256-+W/3yiEeSZ+qTbd8eyHRujwP4ER/suXwLbp5DvqwXNU=",
        "rev": "5f4f306bea96741f1588ea4f450b2a2e29f42b98",
        "type": "tarball",
        "url": "https://releases.nixos.org/nixos/25.05/nixos-25.05.804002.5f4f306bea96/nixexprs.tar.xz"
      },
      "original": {
        "type": "tarball",
        "url": "https://channels.nixos.org/nixos-25.05/nixexprs.tar.xz"
      }
    },
    "root": {
      "inputs": {
        "nixpkgs": "nixpkgs"
      }
    }
  },
  "root": "root",
  "version": 7
}
